// !$*UTF8*$!
{
	archiveVersion = 1;
	classes = {
	};
	objectVersion = 46;
	objects = {

/* Begin PBXBuildFile section */
		1CBD848B1EF2810600A3DC61 /* JPBlock.m in Sources */ = {isa = PBXBuildFile; fileRef = 1CBD84391EF2810600A3DC61 /* JPBlock.m */; };
		1CBD848C1EF2810600A3DC61 /* JPBlockWrapper.m in Sources */ = {isa = PBXBuildFile; fileRef = 1CBD843B1EF2810600A3DC61 /* JPBlockWrapper.m */; };
		1CBD848D1EF2810600A3DC61 /* JPCFunction.m in Sources */ = {isa = PBXBuildFile; fileRef = 1CBD843E1EF2810600A3DC61 /* JPCFunction.m */; };
		1CBD848E1EF2810600A3DC61 /* JPMemory.m in Sources */ = {isa = PBXBuildFile; fileRef = 1CBD84401EF2810600A3DC61 /* JPMemory.m */; };
		1CBD848F1EF2810600A3DC61 /* JPStructPointer.m in Sources */ = {isa = PBXBuildFile; fileRef = 1CBD84421EF2810600A3DC61 /* JPStructPointer.m */; };
		1CBD84901EF2810600A3DC61 /* JPCGBitmapContext.m in Sources */ = {isa = PBXBuildFile; fileRef = 1CBD84461EF2810600A3DC61 /* JPCGBitmapContext.m */; };
		1CBD84911EF2810600A3DC61 /* JPCGColor.m in Sources */ = {isa = PBXBuildFile; fileRef = 1CBD84481EF2810600A3DC61 /* JPCGColor.m */; };
		1CBD84921EF2810600A3DC61 /* JPCGContext.m in Sources */ = {isa = PBXBuildFile; fileRef = 1CBD844A1EF2810600A3DC61 /* JPCGContext.m */; };
		1CBD84931EF2810600A3DC61 /* JPCGGeometry.m in Sources */ = {isa = PBXBuildFile; fileRef = 1CBD844C1EF2810600A3DC61 /* JPCGGeometry.m */; };
		1CBD84941EF2810600A3DC61 /* JPCGImage.m in Sources */ = {isa = PBXBuildFile; fileRef = 1CBD844E1EF2810600A3DC61 /* JPCGImage.m */; };
		1CBD84951EF2810600A3DC61 /* JPCGPath.m in Sources */ = {isa = PBXBuildFile; fileRef = 1CBD84501EF2810600A3DC61 /* JPCGPath.m */; };
		1CBD84961EF2810600A3DC61 /* JPCGTransform.m in Sources */ = {isa = PBXBuildFile; fileRef = 1CBD84521EF2810600A3DC61 /* JPCGTransform.m */; };
		1CBD84971EF2810600A3DC61 /* JPCoreGraphics.m in Sources */ = {isa = PBXBuildFile; fileRef = 1CBD84541EF2810600A3DC61 /* JPCoreGraphics.m */; };
		1CBD84981EF2810600A3DC61 /* JPUIGeometry.m in Sources */ = {isa = PBXBuildFile; fileRef = 1CBD84571EF2810600A3DC61 /* JPUIGeometry.m */; };
		1CBD84991EF2810600A3DC61 /* JPUIGraphics.m in Sources */ = {isa = PBXBuildFile; fileRef = 1CBD84591EF2810600A3DC61 /* JPUIGraphics.m */; };
		1CBD849A1EF2810600A3DC61 /* JPUIImage.m in Sources */ = {isa = PBXBuildFile; fileRef = 1CBD845B1EF2810600A3DC61 /* JPUIImage.m */; };
		1CBD849B1EF2810600A3DC61 /* JPUIKit.m in Sources */ = {isa = PBXBuildFile; fileRef = 1CBD845D1EF2810600A3DC61 /* JPUIKit.m */; };
		1CBD849C1EF2810600A3DC61 /* JPCleaner.m in Sources */ = {isa = PBXBuildFile; fileRef = 1CBD845F1EF2810600A3DC61 /* JPCleaner.m */; };
		1CBD849D1EF2810600A3DC61 /* JPDispatch.m in Sources */ = {isa = PBXBuildFile; fileRef = 1CBD84611EF2810600A3DC61 /* JPDispatch.m */; };
		1CBD849E1EF2810600A3DC61 /* JPMethodSignature.m in Sources */ = {isa = PBXBuildFile; fileRef = 1CBD84641EF2810600A3DC61 /* JPMethodSignature.m */; };
		1CBD849F1EF2810600A3DC61 /* libffi.a in Frameworks */ = {isa = PBXBuildFile; fileRef = 1CBD84701EF2810600A3DC61 /* libffi.a */; };
		1CBD84A01EF2810600A3DC61 /* JPLocker.m in Sources */ = {isa = PBXBuildFile; fileRef = 1CBD84721EF2810600A3DC61 /* JPLocker.m */; };
		1CBD84A11EF2810600A3DC61 /* JPNumber.m in Sources */ = {isa = PBXBuildFile; fileRef = 1CBD84741EF2810600A3DC61 /* JPNumber.m */; };
		1CBD84A21EF2810600A3DC61 /* JPPlayground.m in Sources */ = {isa = PBXBuildFile; fileRef = 1CBD84771EF2810600A3DC61 /* JPPlayground.m */; };
		1CBD84A31EF2810600A3DC61 /* JPKeyCommands.m in Sources */ = {isa = PBXBuildFile; fileRef = 1CBD847A1EF2810600A3DC61 /* JPKeyCommands.m */; };
		1CBD84A41EF2810600A3DC61 /* SGDirWatchdog.m in Sources */ = {isa = PBXBuildFile; fileRef = 1CBD847C1EF2810600A3DC61 /* SGDirWatchdog.m */; };
		1CBD84A51EF2810600A3DC61 /* JPDevErrorView.m in Sources */ = {isa = PBXBuildFile; fileRef = 1CBD847F1EF2810600A3DC61 /* JPDevErrorView.m */; };
		1CBD84A61EF2810600A3DC61 /* JPDevMenu.m in Sources */ = {isa = PBXBuildFile; fileRef = 1CBD84811EF2810600A3DC61 /* JPDevMenu.m */; };
		1CBD84A71EF2810600A3DC61 /* JPDevTipView.m in Sources */ = {isa = PBXBuildFile; fileRef = 1CBD84831EF2810600A3DC61 /* JPDevTipView.m */; };
		1CBD84A81EF2810600A3DC61 /* README.md in Sources */ = {isa = PBXBuildFile; fileRef = 1CBD84841EF2810600A3DC61 /* README.md */; };
		1CBD84A91EF2810600A3DC61 /* JPProtocol.m in Sources */ = {isa = PBXBuildFile; fileRef = 1CBD84861EF2810600A3DC61 /* JPProtocol.m */; };
		1CBD84AA1EF2810600A3DC61 /* JPSpecialInit.m in Sources */ = {isa = PBXBuildFile; fileRef = 1CBD84881EF2810600A3DC61 /* JPSpecialInit.m */; };
		1CBD84AB1EF2810600A3DC61 /* JPEngine.m in Sources */ = {isa = PBXBuildFile; fileRef = 1CBD848A1EF2810600A3DC61 /* JPEngine.m */; };
		1CBD84AD1EF2829700A3DC61 /* JSPatch.c in Sources */ = {isa = PBXBuildFile; fileRef = 1CBD84AC1EF2829700A3DC61 /* JSPatch.c */; };
		1CBD84BA1EF28DC400A3DC61 /* JPEngine.h in CopyFiles */ = {isa = PBXBuildFile; fileRef = 1CBD84891EF2810600A3DC61 /* JPEngine.h */; };
/* End PBXBuildFile section */

/* Begin PBXCopyFilesBuildPhase section */
		1CBD84281EF280C200A3DC61 /* CopyFiles */ = {
			isa = PBXCopyFilesBuildPhase;
			buildActionMask = 2147483647;
			dstPath = "include/$(PRODUCT_NAME)";
			dstSubfolderSpec = 16;
			files = (
				1CBD84BA1EF28DC400A3DC61 /* JPEngine.h in CopyFiles */,
			);
			runOnlyForDeploymentPostprocessing = 0;
		};
/* End PBXCopyFilesBuildPhase section */

/* Begin PBXFileReference section */
		1CBD842A1EF280C200A3DC61 /* libJSPatch.a */ = {isa = PBXFileReference; explicitFileType = archive.ar; includeInIndex = 0; path = libJSPatch.a; sourceTree = BUILT_PRODUCTS_DIR; };
		1CBD84381EF2810600A3DC61 /* JPBlock.h */ = {isa = PBXFileReference; fileEncoding = 4; lastKnownFileType = sourcecode.c.h; path = JPBlock.h; sourceTree = "<group>"; };
		1CBD84391EF2810600A3DC61 /* JPBlock.m */ = {isa = PBXFileReference; fileEncoding = 4; lastKnownFileType = sourcecode.c.objc; path = JPBlock.m; sourceTree = "<group>"; };
		1CBD843A1EF2810600A3DC61 /* JPBlockWrapper.h */ = {isa = PBXFileReference; fileEncoding = 4; lastKnownFileType = sourcecode.c.h; path = JPBlockWrapper.h; sourceTree = "<group>"; };
		1CBD843B1EF2810600A3DC61 /* JPBlockWrapper.m */ = {isa = PBXFileReference; fileEncoding = 4; lastKnownFileType = sourcecode.c.objc; path = JPBlockWrapper.m; sourceTree = "<group>"; };
		1CBD843D1EF2810600A3DC61 /* JPCFunction.h */ = {isa = PBXFileReference; fileEncoding = 4; lastKnownFileType = sourcecode.c.h; path = JPCFunction.h; sourceTree = "<group>"; };
		1CBD843E1EF2810600A3DC61 /* JPCFunction.m */ = {isa = PBXFileReference; fileEncoding = 4; lastKnownFileType = sourcecode.c.objc; path = JPCFunction.m; sourceTree = "<group>"; };
		1CBD843F1EF2810600A3DC61 /* JPMemory.h */ = {isa = PBXFileReference; fileEncoding = 4; lastKnownFileType = sourcecode.c.h; path = JPMemory.h; sourceTree = "<group>"; };
		1CBD84401EF2810600A3DC61 /* JPMemory.m */ = {isa = PBXFileReference; fileEncoding = 4; lastKnownFileType = sourcecode.c.objc; path = JPMemory.m; sourceTree = "<group>"; };
		1CBD84411EF2810600A3DC61 /* JPStructPointer.h */ = {isa = PBXFileReference; fileEncoding = 4; lastKnownFileType = sourcecode.c.h; path = JPStructPointer.h; sourceTree = "<group>"; };
		1CBD84421EF2810600A3DC61 /* JPStructPointer.m */ = {isa = PBXFileReference; fileEncoding = 4; lastKnownFileType = sourcecode.c.objc; path = JPStructPointer.m; sourceTree = "<group>"; };
		1CBD84451EF2810600A3DC61 /* JPCGBitmapContext.h */ = {isa = PBXFileReference; fileEncoding = 4; lastKnownFileType = sourcecode.c.h; path = JPCGBitmapContext.h; sourceTree = "<group>"; };
		1CBD84461EF2810600A3DC61 /* JPCGBitmapContext.m */ = {isa = PBXFileReference; fileEncoding = 4; lastKnownFileType = sourcecode.c.objc; path = JPCGBitmapContext.m; sourceTree = "<group>"; };
		1CBD84471EF2810600A3DC61 /* JPCGColor.h */ = {isa = PBXFileReference; fileEncoding = 4; lastKnownFileType = sourcecode.c.h; path = JPCGColor.h; sourceTree = "<group>"; };
		1CBD84481EF2810600A3DC61 /* JPCGColor.m */ = {isa = PBXFileReference; fileEncoding = 4; lastKnownFileType = sourcecode.c.objc; path = JPCGColor.m; sourceTree = "<group>"; };
		1CBD84491EF2810600A3DC61 /* JPCGContext.h */ = {isa = PBXFileReference; fileEncoding = 4; lastKnownFileType = sourcecode.c.h; path = JPCGContext.h; sourceTree = "<group>"; };
		1CBD844A1EF2810600A3DC61 /* JPCGContext.m */ = {isa = PBXFileReference; fileEncoding = 4; lastKnownFileType = sourcecode.c.objc; path = JPCGContext.m; sourceTree = "<group>"; };
		1CBD844B1EF2810600A3DC61 /* JPCGGeometry.h */ = {isa = PBXFileReference; fileEncoding = 4; lastKnownFileType = sourcecode.c.h; path = JPCGGeometry.h; sourceTree = "<group>"; };
		1CBD844C1EF2810600A3DC61 /* JPCGGeometry.m */ = {isa = PBXFileReference; fileEncoding = 4; lastKnownFileType = sourcecode.c.objc; path = JPCGGeometry.m; sourceTree = "<group>"; };
		1CBD844D1EF2810600A3DC61 /* JPCGImage.h */ = {isa = PBXFileReference; fileEncoding = 4; lastKnownFileType = sourcecode.c.h; path = JPCGImage.h; sourceTree = "<group>"; };
		1CBD844E1EF2810600A3DC61 /* JPCGImage.m */ = {isa = PBXFileReference; fileEncoding = 4; lastKnownFileType = sourcecode.c.objc; path = JPCGImage.m; sourceTree = "<group>"; };
		1CBD844F1EF2810600A3DC61 /* JPCGPath.h */ = {isa = PBXFileReference; fileEncoding = 4; lastKnownFileType = sourcecode.c.h; path = JPCGPath.h; sourceTree = "<group>"; };
		1CBD84501EF2810600A3DC61 /* JPCGPath.m */ = {isa = PBXFileReference; fileEncoding = 4; lastKnownFileType = sourcecode.c.objc; path = JPCGPath.m; sourceTree = "<group>"; };
		1CBD84511EF2810600A3DC61 /* JPCGTransform.h */ = {isa = PBXFileReference; fileEncoding = 4; lastKnownFileType = sourcecode.c.h; path = JPCGTransform.h; sourceTree = "<group>"; };
		1CBD84521EF2810600A3DC61 /* JPCGTransform.m */ = {isa = PBXFileReference; fileEncoding = 4; lastKnownFileType = sourcecode.c.objc; path = JPCGTransform.m; sourceTree = "<group>"; };
		1CBD84531EF2810600A3DC61 /* JPCoreGraphics.h */ = {isa = PBXFileReference; fileEncoding = 4; lastKnownFileType = sourcecode.c.h; path = JPCoreGraphics.h; sourceTree = "<group>"; };
		1CBD84541EF2810600A3DC61 /* JPCoreGraphics.m */ = {isa = PBXFileReference; fileEncoding = 4; lastKnownFileType = sourcecode.c.objc; path = JPCoreGraphics.m; sourceTree = "<group>"; };
		1CBD84561EF2810600A3DC61 /* JPUIGeometry.h */ = {isa = PBXFileReference; fileEncoding = 4; lastKnownFileType = sourcecode.c.h; path = JPUIGeometry.h; sourceTree = "<group>"; };
		1CBD84571EF2810600A3DC61 /* JPUIGeometry.m */ = {isa = PBXFileReference; fileEncoding = 4; lastKnownFileType = sourcecode.c.objc; path = JPUIGeometry.m; sourceTree = "<group>"; };
		1CBD84581EF2810600A3DC61 /* JPUIGraphics.h */ = {isa = PBXFileReference; fileEncoding = 4; lastKnownFileType = sourcecode.c.h; path = JPUIGraphics.h; sourceTree = "<group>"; };
		1CBD84591EF2810600A3DC61 /* JPUIGraphics.m */ = {isa = PBXFileReference; fileEncoding = 4; lastKnownFileType = sourcecode.c.objc; path = JPUIGraphics.m; sourceTree = "<group>"; };
		1CBD845A1EF2810600A3DC61 /* JPUIImage.h */ = {isa = PBXFileReference; fileEncoding = 4; lastKnownFileType = sourcecode.c.h; path = JPUIImage.h; sourceTree = "<group>"; };
		1CBD845B1EF2810600A3DC61 /* JPUIImage.m */ = {isa = PBXFileReference; fileEncoding = 4; lastKnownFileType = sourcecode.c.objc; path = JPUIImage.m; sourceTree = "<group>"; };
		1CBD845C1EF2810600A3DC61 /* JPUIKit.h */ = {isa = PBXFileReference; fileEncoding = 4; lastKnownFileType = sourcecode.c.h; path = JPUIKit.h; sourceTree = "<group>"; };
		1CBD845D1EF2810600A3DC61 /* JPUIKit.m */ = {isa = PBXFileReference; fileEncoding = 4; lastKnownFileType = sourcecode.c.objc; path = JPUIKit.m; sourceTree = "<group>"; };
		1CBD845E1EF2810600A3DC61 /* JPCleaner.h */ = {isa = PBXFileReference; fileEncoding = 4; lastKnownFileType = sourcecode.c.h; path = JPCleaner.h; sourceTree = "<group>"; };
		1CBD845F1EF2810600A3DC61 /* JPCleaner.m */ = {isa = PBXFileReference; fileEncoding = 4; lastKnownFileType = sourcecode.c.objc; path = JPCleaner.m; sourceTree = "<group>"; };
		1CBD84601EF2810600A3DC61 /* JPDispatch.h */ = {isa = PBXFileReference; fileEncoding = 4; lastKnownFileType = sourcecode.c.h; path = JPDispatch.h; sourceTree = "<group>"; };
		1CBD84611EF2810600A3DC61 /* JPDispatch.m */ = {isa = PBXFileReference; fileEncoding = 4; lastKnownFileType = sourcecode.c.objc; path = JPDispatch.m; sourceTree = "<group>"; };
		1CBD84631EF2810600A3DC61 /* JPMethodSignature.h */ = {isa = PBXFileReference; fileEncoding = 4; lastKnownFileType = sourcecode.c.h; path = JPMethodSignature.h; sourceTree = "<group>"; };
		1CBD84641EF2810600A3DC61 /* JPMethodSignature.m */ = {isa = PBXFileReference; fileEncoding = 4; lastKnownFileType = sourcecode.c.objc; path = JPMethodSignature.m; sourceTree = "<group>"; };
		1CBD84661EF2810600A3DC61 /* ffi.h */ = {isa = PBXFileReference; fileEncoding = 4; lastKnownFileType = sourcecode.c.h; path = ffi.h; sourceTree = "<group>"; };
		1CBD84671EF2810600A3DC61 /* ffi_arm.h */ = {isa = PBXFileReference; fileEncoding = 4; lastKnownFileType = sourcecode.c.h; path = ffi_arm.h; sourceTree = "<group>"; };
		1CBD84681EF2810600A3DC61 /* ffi_arm64.h */ = {isa = PBXFileReference; fileEncoding = 4; lastKnownFileType = sourcecode.c.h; path = ffi_arm64.h; sourceTree = "<group>"; };
		1CBD84691EF2810600A3DC61 /* ffi_i386.h */ = {isa = PBXFileReference; fileEncoding = 4; lastKnownFileType = sourcecode.c.h; path = ffi_i386.h; sourceTree = "<group>"; };
		1CBD846A1EF2810600A3DC61 /* ffi_x86_64.h */ = {isa = PBXFileReference; fileEncoding = 4; lastKnownFileType = sourcecode.c.h; path = ffi_x86_64.h; sourceTree = "<group>"; };
		1CBD846B1EF2810600A3DC61 /* ffitarget.h */ = {isa = PBXFileReference; fileEncoding = 4; lastKnownFileType = sourcecode.c.h; path = ffitarget.h; sourceTree = "<group>"; };
		1CBD846C1EF2810600A3DC61 /* ffitarget_arm.h */ = {isa = PBXFileReference; fileEncoding = 4; lastKnownFileType = sourcecode.c.h; path = ffitarget_arm.h; sourceTree = "<group>"; };
		1CBD846D1EF2810600A3DC61 /* ffitarget_arm64.h */ = {isa = PBXFileReference; fileEncoding = 4; lastKnownFileType = sourcecode.c.h; path = ffitarget_arm64.h; sourceTree = "<group>"; };
		1CBD846E1EF2810600A3DC61 /* ffitarget_i386.h */ = {isa = PBXFileReference; fileEncoding = 4; lastKnownFileType = sourcecode.c.h; path = ffitarget_i386.h; sourceTree = "<group>"; };
		1CBD846F1EF2810600A3DC61 /* ffitarget_x86_64.h */ = {isa = PBXFileReference; fileEncoding = 4; lastKnownFileType = sourcecode.c.h; path = ffitarget_x86_64.h; sourceTree = "<group>"; };
		1CBD84701EF2810600A3DC61 /* libffi.a */ = {isa = PBXFileReference; lastKnownFileType = archive.ar; path = libffi.a; sourceTree = "<group>"; };
		1CBD84711EF2810600A3DC61 /* JPLocker.h */ = {isa = PBXFileReference; fileEncoding = 4; lastKnownFileType = sourcecode.c.h; path = JPLocker.h; sourceTree = "<group>"; };
		1CBD84721EF2810600A3DC61 /* JPLocker.m */ = {isa = PBXFileReference; fileEncoding = 4; lastKnownFileType = sourcecode.c.objc; path = JPLocker.m; sourceTree = "<group>"; };
		1CBD84731EF2810600A3DC61 /* JPNumber.h */ = {isa = PBXFileReference; fileEncoding = 4; lastKnownFileType = sourcecode.c.h; path = JPNumber.h; sourceTree = "<group>"; };
		1CBD84741EF2810600A3DC61 /* JPNumber.m */ = {isa = PBXFileReference; fileEncoding = 4; lastKnownFileType = sourcecode.c.objc; path = JPNumber.m; sourceTree = "<group>"; };
		1CBD84761EF2810600A3DC61 /* JPPlayground.h */ = {isa = PBXFileReference; fileEncoding = 4; lastKnownFileType = sourcecode.c.h; path = JPPlayground.h; sourceTree = "<group>"; };
		1CBD84771EF2810600A3DC61 /* JPPlayground.m */ = {isa = PBXFileReference; fileEncoding = 4; lastKnownFileType = sourcecode.c.objc; path = JPPlayground.m; sourceTree = "<group>"; };
		1CBD84791EF2810600A3DC61 /* JPKeyCommands.h */ = {isa = PBXFileReference; fileEncoding = 4; lastKnownFileType = sourcecode.c.h; path = JPKeyCommands.h; sourceTree = "<group>"; };
		1CBD847A1EF2810600A3DC61 /* JPKeyCommands.m */ = {isa = PBXFileReference; fileEncoding = 4; lastKnownFileType = sourcecode.c.objc; path = JPKeyCommands.m; sourceTree = "<group>"; };
		1CBD847B1EF2810600A3DC61 /* SGDirWatchdog.h */ = {isa = PBXFileReference; fileEncoding = 4; lastKnownFileType = sourcecode.c.h; path = SGDirWatchdog.h; sourceTree = "<group>"; };
		1CBD847C1EF2810600A3DC61 /* SGDirWatchdog.m */ = {isa = PBXFileReference; fileEncoding = 4; lastKnownFileType = sourcecode.c.objc; path = SGDirWatchdog.m; sourceTree = "<group>"; };
		1CBD847E1EF2810600A3DC61 /* JPDevErrorView.h */ = {isa = PBXFileReference; fileEncoding = 4; lastKnownFileType = sourcecode.c.h; path = JPDevErrorView.h; sourceTree = "<group>"; };
		1CBD847F1EF2810600A3DC61 /* JPDevErrorView.m */ = {isa = PBXFileReference; fileEncoding = 4; lastKnownFileType = sourcecode.c.objc; path = JPDevErrorView.m; sourceTree = "<group>"; };
		1CBD84801EF2810600A3DC61 /* JPDevMenu.h */ = {isa = PBXFileReference; fileEncoding = 4; lastKnownFileType = sourcecode.c.h; path = JPDevMenu.h; sourceTree = "<group>"; };
		1CBD84811EF2810600A3DC61 /* JPDevMenu.m */ = {isa = PBXFileReference; fileEncoding = 4; lastKnownFileType = sourcecode.c.objc; path = JPDevMenu.m; sourceTree = "<group>"; };
		1CBD84821EF2810600A3DC61 /* JPDevTipView.h */ = {isa = PBXFileReference; fileEncoding = 4; lastKnownFileType = sourcecode.c.h; path = JPDevTipView.h; sourceTree = "<group>"; };
		1CBD84831EF2810600A3DC61 /* JPDevTipView.m */ = {isa = PBXFileReference; fileEncoding = 4; lastKnownFileType = sourcecode.c.objc; path = JPDevTipView.m; sourceTree = "<group>"; };
		1CBD84841EF2810600A3DC61 /* README.md */ = {isa = PBXFileReference; fileEncoding = 4; lastKnownFileType = net.daringfireball.markdown; path = README.md; sourceTree = "<group>"; };
		1CBD84851EF2810600A3DC61 /* JPProtocol.h */ = {isa = PBXFileReference; fileEncoding = 4; lastKnownFileType = sourcecode.c.h; path = JPProtocol.h; sourceTree = "<group>"; };
		1CBD84861EF2810600A3DC61 /* JPProtocol.m */ = {isa = PBXFileReference; fileEncoding = 4; lastKnownFileType = sourcecode.c.objc; path = JPProtocol.m; sourceTree = "<group>"; };
		1CBD84871EF2810600A3DC61 /* JPSpecialInit.h */ = {isa = PBXFileReference; fileEncoding = 4; lastKnownFileType = sourcecode.c.h; path = JPSpecialInit.h; sourceTree = "<group>"; };
		1CBD84881EF2810600A3DC61 /* JPSpecialInit.m */ = {isa = PBXFileReference; fileEncoding = 4; lastKnownFileType = sourcecode.c.objc; path = JPSpecialInit.m; sourceTree = "<group>"; };
		1CBD84891EF2810600A3DC61 /* JPEngine.h */ = {isa = PBXFileReference; fileEncoding = 4; lastKnownFileType = sourcecode.c.h; path = JPEngine.h; sourceTree = "<group>"; };
		1CBD848A1EF2810600A3DC61 /* JPEngine.m */ = {isa = PBXFileReference; fileEncoding = 4; lastKnownFileType = sourcecode.c.objc; path = JPEngine.m; sourceTree = "<group>"; };
		1CBD84AC1EF2829700A3DC61 /* JSPatch.c */ = {isa = PBXFileReference; fileEncoding = 4; lastKnownFileType = sourcecode.c.c; path = JSPatch.c; sourceTree = "<group>"; };
/* End PBXFileReference section */

/* Begin PBXFrameworksBuildPhase section */
		1CBD84271EF280C200A3DC61 /* Frameworks */ = {
			isa = PBXFrameworksBuildPhase;
			buildActionMask = 2147483647;
			files = (
				1CBD849F1EF2810600A3DC61 /* libffi.a in Frameworks */,
			);
			runOnlyForDeploymentPostprocessing = 0;
		};
/* End PBXFrameworksBuildPhase section */

/* Begin PBXGroup section */
		1CBD84211EF280C200A3DC61 = {
			isa = PBXGroup;
			children = (
				1CBD842C1EF280C200A3DC61 /* JSPatch */,
				1CBD842B1EF280C200A3DC61 /* Products */,
			);
			sourceTree = "<group>";
		};
		1CBD842B1EF280C200A3DC61 /* Products */ = {
			isa = PBXGroup;
			children = (
				1CBD842A1EF280C200A3DC61 /* libJSPatch.a */,
			);
			name = Products;
			sourceTree = "<group>";
		};
		1CBD842C1EF280C200A3DC61 /* JSPatch */ = {
			isa = PBXGroup;
			children = (
				1CBD84AC1EF2829700A3DC61 /* JSPatch.c */,
				1CBD84891EF2810600A3DC61 /* JPEngine.h */,
				1CBD848A1EF2810600A3DC61 /* JPEngine.m */,
				1CBD84361EF2810600A3DC61 /* Extensions */,
			);
			path = JSPatch;
			sourceTree = "<group>";
		};
		1CBD84361EF2810600A3DC61 /* Extensions */ = {
			isa = PBXGroup;
			children = (
				1CBD84371EF2810600A3DC61 /* JPBlock */,
				1CBD843C1EF2810600A3DC61 /* JPCFunction */,
				1CBD84431EF2810600A3DC61 /* JPCFunctionBinder */,
				1CBD845E1EF2810600A3DC61 /* JPCleaner.h */,
				1CBD845F1EF2810600A3DC61 /* JPCleaner.m */,
				1CBD84601EF2810600A3DC61 /* JPDispatch.h */,
				1CBD84611EF2810600A3DC61 /* JPDispatch.m */,
				1CBD84621EF2810600A3DC61 /* JPLibffi */,
				1CBD84711EF2810600A3DC61 /* JPLocker.h */,
				1CBD84721EF2810600A3DC61 /* JPLocker.m */,
				1CBD84731EF2810600A3DC61 /* JPNumber.h */,
				1CBD84741EF2810600A3DC61 /* JPNumber.m */,
				1CBD84751EF2810600A3DC61 /* JPPlaygroundTool */,
				1CBD84851EF2810600A3DC61 /* JPProtocol.h */,
				1CBD84861EF2810600A3DC61 /* JPProtocol.m */,
				1CBD84871EF2810600A3DC61 /* JPSpecialInit.h */,
				1CBD84881EF2810600A3DC61 /* JPSpecialInit.m */,
			);
			path = Extensions;
			sourceTree = "<group>";
		};
		1CBD84371EF2810600A3DC61 /* JPBlock */ = {
			isa = PBXGroup;
			children = (
				1CBD84381EF2810600A3DC61 /* JPBlock.h */,
				1CBD84391EF2810600A3DC61 /* JPBlock.m */,
				1CBD843A1EF2810600A3DC61 /* JPBlockWrapper.h */,
				1CBD843B1EF2810600A3DC61 /* JPBlockWrapper.m */,
			);
			path = JPBlock;
			sourceTree = "<group>";
		};
		1CBD843C1EF2810600A3DC61 /* JPCFunction */ = {
			isa = PBXGroup;
			children = (
				1CBD843D1EF2810600A3DC61 /* JPCFunction.h */,
				1CBD843E1EF2810600A3DC61 /* JPCFunction.m */,
				1CBD843F1EF2810600A3DC61 /* JPMemory.h */,
				1CBD84401EF2810600A3DC61 /* JPMemory.m */,
				1CBD84411EF2810600A3DC61 /* JPStructPointer.h */,
				1CBD84421EF2810600A3DC61 /* JPStructPointer.m */,
			);
			path = JPCFunction;
			sourceTree = "<group>";
		};
		1CBD84431EF2810600A3DC61 /* JPCFunctionBinder */ = {
			isa = PBXGroup;
			children = (
				1CBD84441EF2810600A3DC61 /* CoreGraphics */,
				1CBD84551EF2810600A3DC61 /* UIKit */,
			);
			path = JPCFunctionBinder;
			sourceTree = "<group>";
		};
		1CBD84441EF2810600A3DC61 /* CoreGraphics */ = {
			isa = PBXGroup;
			children = (
				1CBD84451EF2810600A3DC61 /* JPCGBitmapContext.h */,
				1CBD84461EF2810600A3DC61 /* JPCGBitmapContext.m */,
				1CBD84471EF2810600A3DC61 /* JPCGColor.h */,
				1CBD84481EF2810600A3DC61 /* JPCGColor.m */,
				1CBD84491EF2810600A3DC61 /* JPCGContext.h */,
				1CBD844A1EF2810600A3DC61 /* JPCGContext.m */,
				1CBD844B1EF2810600A3DC61 /* JPCGGeometry.h */,
				1CBD844C1EF2810600A3DC61 /* JPCGGeometry.m */,
				1CBD844D1EF2810600A3DC61 /* JPCGImage.h */,
				1CBD844E1EF2810600A3DC61 /* JPCGImage.m */,
				1CBD844F1EF2810600A3DC61 /* JPCGPath.h */,
				1CBD84501EF2810600A3DC61 /* JPCGPath.m */,
				1CBD84511EF2810600A3DC61 /* JPCGTransform.h */,
				1CBD84521EF2810600A3DC61 /* JPCGTransform.m */,
				1CBD84531EF2810600A3DC61 /* JPCoreGraphics.h */,
				1CBD84541EF2810600A3DC61 /* JPCoreGraphics.m */,
			);
			path = CoreGraphics;
			sourceTree = "<group>";
		};
		1CBD84551EF2810600A3DC61 /* UIKit */ = {
			isa = PBXGroup;
			children = (
				1CBD84561EF2810600A3DC61 /* JPUIGeometry.h */,
				1CBD84571EF2810600A3DC61 /* JPUIGeometry.m */,
				1CBD84581EF2810600A3DC61 /* JPUIGraphics.h */,
				1CBD84591EF2810600A3DC61 /* JPUIGraphics.m */,
				1CBD845A1EF2810600A3DC61 /* JPUIImage.h */,
				1CBD845B1EF2810600A3DC61 /* JPUIImage.m */,
				1CBD845C1EF2810600A3DC61 /* JPUIKit.h */,
				1CBD845D1EF2810600A3DC61 /* JPUIKit.m */,
			);
			path = UIKit;
			sourceTree = "<group>";
		};
		1CBD84621EF2810600A3DC61 /* JPLibffi */ = {
			isa = PBXGroup;
			children = (
				1CBD84631EF2810600A3DC61 /* JPMethodSignature.h */,
				1CBD84641EF2810600A3DC61 /* JPMethodSignature.m */,
				1CBD84651EF2810600A3DC61 /* libffi */,
			);
			path = JPLibffi;
			sourceTree = "<group>";
		};
		1CBD84651EF2810600A3DC61 /* libffi */ = {
			isa = PBXGroup;
			children = (
				1CBD84661EF2810600A3DC61 /* ffi.h */,
				1CBD84671EF2810600A3DC61 /* ffi_arm.h */,
				1CBD84681EF2810600A3DC61 /* ffi_arm64.h */,
				1CBD84691EF2810600A3DC61 /* ffi_i386.h */,
				1CBD846A1EF2810600A3DC61 /* ffi_x86_64.h */,
				1CBD846B1EF2810600A3DC61 /* ffitarget.h */,
				1CBD846C1EF2810600A3DC61 /* ffitarget_arm.h */,
				1CBD846D1EF2810600A3DC61 /* ffitarget_arm64.h */,
				1CBD846E1EF2810600A3DC61 /* ffitarget_i386.h */,
				1CBD846F1EF2810600A3DC61 /* ffitarget_x86_64.h */,
				1CBD84701EF2810600A3DC61 /* libffi.a */,
			);
			path = libffi;
			sourceTree = "<group>";
		};
		1CBD84751EF2810600A3DC61 /* JPPlaygroundTool */ = {
			isa = PBXGroup;
			children = (
				1CBD84761EF2810600A3DC61 /* JPPlayground.h */,
				1CBD84771EF2810600A3DC61 /* JPPlayground.m */,
				1CBD84781EF2810600A3DC61 /* JPPlaygroundModule */,
				1CBD847D1EF2810600A3DC61 /* JPPlaygroundView */,
				1CBD84841EF2810600A3DC61 /* README.md */,
			);
			path = JPPlaygroundTool;
			sourceTree = "<group>";
		};
		1CBD84781EF2810600A3DC61 /* JPPlaygroundModule */ = {
			isa = PBXGroup;
			children = (
				1CBD84791EF2810600A3DC61 /* JPKeyCommands.h */,
				1CBD847A1EF2810600A3DC61 /* JPKeyCommands.m */,
				1CBD847B1EF2810600A3DC61 /* SGDirWatchdog.h */,
				1CBD847C1EF2810600A3DC61 /* SGDirWatchdog.m */,
			);
			path = JPPlaygroundModule;
			sourceTree = "<group>";
		};
		1CBD847D1EF2810600A3DC61 /* JPPlaygroundView */ = {
			isa = PBXGroup;
			children = (
				1CBD847E1EF2810600A3DC61 /* JPDevErrorView.h */,
				1CBD847F1EF2810600A3DC61 /* JPDevErrorView.m */,
				1CBD84801EF2810600A3DC61 /* JPDevMenu.h */,
				1CBD84811EF2810600A3DC61 /* JPDevMenu.m */,
				1CBD84821EF2810600A3DC61 /* JPDevTipView.h */,
				1CBD84831EF2810600A3DC61 /* JPDevTipView.m */,
			);
			path = JPPlaygroundView;
			sourceTree = "<group>";
		};
/* End PBXGroup section */

/* Begin PBXNativeTarget section */
		1CBD84291EF280C200A3DC61 /* JSPatch */ = {
			isa = PBXNativeTarget;
			buildConfigurationList = 1CBD84331EF280C200A3DC61 /* Build configuration list for PBXNativeTarget "JSPatch" */;
			buildPhases = (
				1CBD84261EF280C200A3DC61 /* Sources */,
				1CBD84271EF280C200A3DC61 /* Frameworks */,
				1CBD84281EF280C200A3DC61 /* CopyFiles */,
			);
			buildRules = (
			);
			dependencies = (
			);
			name = JSPatch;
			productName = JSPatch;
			productReference = 1CBD842A1EF280C200A3DC61 /* libJSPatch.a */;
			productType = "com.apple.product-type.library.static";
		};
/* End PBXNativeTarget section */

/* Begin PBXProject section */
		1CBD84221EF280C200A3DC61 /* Project object */ = {
			isa = PBXProject;
			attributes = {
				LastUpgradeCheck = 0830;
				ORGANIZATIONNAME = ChinaNetCenter;
				TargetAttributes = {
					1CBD84291EF280C200A3DC61 = {
						CreatedOnToolsVersion = 8.3.2;
						DevelopmentTeam = S6NQ524Y5V;
						ProvisioningStyle = Automatic;
					};
				};
			};
			buildConfigurationList = 1CBD84251EF280C200A3DC61 /* Build configuration list for PBXProject "JSPatch" */;
			compatibilityVersion = "Xcode 3.2";
			developmentRegion = English;
			hasScannedForEncodings = 0;
			knownRegions = (
				en,
			);
			mainGroup = 1CBD84211EF280C200A3DC61;
			productRefGroup = 1CBD842B1EF280C200A3DC61 /* Products */;
			projectDirPath = "";
			projectRoot = "";
			targets = (
				1CBD84291EF280C200A3DC61 /* JSPatch */,
			);
		};
/* End PBXProject section */

/* Begin PBXSourcesBuildPhase section */
		1CBD84261EF280C200A3DC61 /* Sources */ = {
			isa = PBXSourcesBuildPhase;
			buildActionMask = 2147483647;
			files = (
				1CBD84A61EF2810600A3DC61 /* JPDevMenu.m in Sources */,
				1CBD84951EF2810600A3DC61 /* JPCGPath.m in Sources */,
				1CBD849A1EF2810600A3DC61 /* JPUIImage.m in Sources */,
				1CBD849C1EF2810600A3DC61 /* JPCleaner.m in Sources */,
				1CBD849E1EF2810600A3DC61 /* JPMethodSignature.m in Sources */,
				1CBD84901EF2810600A3DC61 /* JPCGBitmapContext.m in Sources */,
				1CBD84991EF2810600A3DC61 /* JPUIGraphics.m in Sources */,
				1CBD84A91EF2810600A3DC61 /* JPProtocol.m in Sources */,
				1CBD84AD1EF2829700A3DC61 /* JSPatch.c in Sources */,
				1CBD84A21EF2810600A3DC61 /* JPPlayground.m in Sources */,
				1CBD84971EF2810600A3DC61 /* JPCoreGraphics.m in Sources */,
				1CBD84A01EF2810600A3DC61 /* JPLocker.m in Sources */,
				1CBD849D1EF2810600A3DC61 /* JPDispatch.m in Sources */,
				1CBD84921EF2810600A3DC61 /* JPCGContext.m in Sources */,
				1CBD848E1EF2810600A3DC61 /* JPMemory.m in Sources */,
				1CBD84A81EF2810600A3DC61 /* README.md in Sources */,
				1CBD848B1EF2810600A3DC61 /* JPBlock.m in Sources */,
				1CBD84A11EF2810600A3DC61 /* JPNumber.m in Sources */,
				1CBD84931EF2810600A3DC61 /* JPCGGeometry.m in Sources */,
				1CBD84A31EF2810600A3DC61 /* JPKeyCommands.m in Sources */,
				1CBD84961EF2810600A3DC61 /* JPCGTransform.m in Sources */,
				1CBD84A71EF2810600A3DC61 /* JPDevTipView.m in Sources */,
				1CBD84AB1EF2810600A3DC61 /* JPEngine.m in Sources */,
				1CBD84AA1EF2810600A3DC61 /* JPSpecialInit.m in Sources */,
				1CBD84911EF2810600A3DC61 /* JPCGColor.m in Sources */,
				1CBD848D1EF2810600A3DC61 /* JPCFunction.m in Sources */,
				1CBD84A51EF2810600A3DC61 /* JPDevErrorView.m in Sources */,
				1CBD84A41EF2810600A3DC61 /* SGDirWatchdog.m in Sources */,
				1CBD84941EF2810600A3DC61 /* JPCGImage.m in Sources */,
				1CBD849B1EF2810600A3DC61 /* JPUIKit.m in Sources */,
				1CBD84981EF2810600A3DC61 /* JPUIGeometry.m in Sources */,
				1CBD848F1EF2810600A3DC61 /* JPStructPointer.m in Sources */,
				1CBD848C1EF2810600A3DC61 /* JPBlockWrapper.m in Sources */,
			);
			runOnlyForDeploymentPostprocessing = 0;
		};
/* End PBXSourcesBuildPhase section */

/* Begin XCBuildConfiguration section */
		1CBD84311EF280C200A3DC61 /* Debug */ = {
			isa = XCBuildConfiguration;
			buildSettings = {
				ALWAYS_SEARCH_USER_PATHS = NO;
				CLANG_ANALYZER_NONNULL = YES;
				CLANG_ANALYZER_NUMBER_OBJECT_CONVERSION = YES_AGGRESSIVE;
				CLANG_CXX_LANGUAGE_STANDARD = "gnu++0x";
				CLANG_CXX_LIBRARY = "libc++";
				CLANG_ENABLE_MODULES = YES;
				CLANG_ENABLE_OBJC_ARC = YES;
				CLANG_WARN_BOOL_CONVERSION = YES;
				CLANG_WARN_CONSTANT_CONVERSION = YES;
				CLANG_WARN_DIRECT_OBJC_ISA_USAGE = YES_ERROR;
				CLANG_WARN_DOCUMENTATION_COMMENTS = YES;
				CLANG_WARN_EMPTY_BODY = YES;
				CLANG_WARN_ENUM_CONVERSION = YES;
				CLANG_WARN_INFINITE_RECURSION = YES;
				CLANG_WARN_INT_CONVERSION = YES;
				CLANG_WARN_OBJC_ROOT_CLASS = YES_ERROR;
				CLANG_WARN_SUSPICIOUS_MOVE = YES;
				CLANG_WARN_UNREACHABLE_CODE = YES;
				CLANG_WARN__DUPLICATE_METHOD_MATCH = YES;
				"CODE_SIGN_IDENTITY[sdk=iphoneos*]" = "iPhone Developer";
				COPY_PHASE_STRIP = NO;
				DEBUG_INFORMATION_FORMAT = dwarf;
				ENABLE_STRICT_OBJC_MSGSEND = YES;
				ENABLE_TESTABILITY = YES;
				GCC_C_LANGUAGE_STANDARD = gnu99;
				GCC_DYNAMIC_NO_PIC = NO;
				GCC_NO_COMMON_BLOCKS = YES;
				GCC_OPTIMIZATION_LEVEL = 0;
				GCC_PREPROCESSOR_DEFINITIONS = (
					"DEBUG=1",
					"$(inherited)",
				);
				GCC_WARN_64_TO_32_BIT_CONVERSION = YES;
				GCC_WARN_ABOUT_RETURN_TYPE = YES_ERROR;
				GCC_WARN_UNDECLARED_SELECTOR = YES;
				GCC_WARN_UNINITIALIZED_AUTOS = YES_AGGRESSIVE;
				GCC_WARN_UNUSED_FUNCTION = YES;
				GCC_WARN_UNUSED_VARIABLE = YES;
				IPHONEOS_DEPLOYMENT_TARGET = 10.3;
				MTL_ENABLE_DEBUG_INFO = YES;
				ONLY_ACTIVE_ARCH = YES;
				SDKROOT = iphoneos;
			};
			name = Debug;
		};
		1CBD84321EF280C200A3DC61 /* Release */ = {
			isa = XCBuildConfiguration;
			buildSettings = {
				ALWAYS_SEARCH_USER_PATHS = NO;
				CLANG_ANALYZER_NONNULL = YES;
				CLANG_ANALYZER_NUMBER_OBJECT_CONVERSION = YES_AGGRESSIVE;
				CLANG_CXX_LANGUAGE_STANDARD = "gnu++0x";
				CLANG_CXX_LIBRARY = "libc++";
				CLANG_ENABLE_MODULES = YES;
				CLANG_ENABLE_OBJC_ARC = YES;
				CLANG_WARN_BOOL_CONVERSION = YES;
				CLANG_WARN_CONSTANT_CONVERSION = YES;
				CLANG_WARN_DIRECT_OBJC_ISA_USAGE = YES_ERROR;
				CLANG_WARN_DOCUMENTATION_COMMENTS = YES;
				CLANG_WARN_EMPTY_BODY = YES;
				CLANG_WARN_ENUM_CONVERSION = YES;
				CLANG_WARN_INFINITE_RECURSION = YES;
				CLANG_WARN_INT_CONVERSION = YES;
				CLANG_WARN_OBJC_ROOT_CLASS = YES_ERROR;
				CLANG_WARN_SUSPICIOUS_MOVE = YES;
				CLANG_WARN_UNREACHABLE_CODE = YES;
				CLANG_WARN__DUPLICATE_METHOD_MATCH = YES;
				"CODE_SIGN_IDENTITY[sdk=iphoneos*]" = "iPhone Developer";
				COPY_PHASE_STRIP = NO;
				DEBUG_INFORMATION_FORMAT = "dwarf-with-dsym";
				ENABLE_NS_ASSERTIONS = NO;
				ENABLE_STRICT_OBJC_MSGSEND = YES;
				GCC_C_LANGUAGE_STANDARD = gnu99;
				GCC_NO_COMMON_BLOCKS = YES;
				GCC_WARN_64_TO_32_BIT_CONVERSION = YES;
				GCC_WARN_ABOUT_RETURN_TYPE = YES_ERROR;
				GCC_WARN_UNDECLARED_SELECTOR = YES;
				GCC_WARN_UNINITIALIZED_AUTOS = YES_AGGRESSIVE;
				GCC_WARN_UNUSED_FUNCTION = YES;
				GCC_WARN_UNUSED_VARIABLE = YES;
				IPHONEOS_DEPLOYMENT_TARGET = 10.3;
				MTL_ENABLE_DEBUG_INFO = NO;
				SDKROOT = iphoneos;
				VALIDATE_PRODUCT = YES;
			};
			name = Release;
		};
		1CBD84341EF280C200A3DC61 /* Debug */ = {
			isa = XCBuildConfiguration;
			buildSettings = {
				DEVELOPMENT_TEAM = S6NQ524Y5V;
				ENABLE_BITCODE = NO;
				LIBRARY_SEARCH_PATHS = (
					"$(inherited)",
					"$(PROJECT_DIR)/JSPatch/Extensions/JPLibffi/libffi",
				);
				ONLY_ACTIVE_ARCH = NO;
				OTHER_LDFLAGS = "-ObjC";
				PRODUCT_NAME = "$(TARGET_NAME)";
				SKIP_INSTALL = YES;
			};
			name = Debug;
		};
		1CBD84351EF280C200A3DC61 /* Release */ = {
			isa = XCBuildConfiguration;
			buildSettings = {
				DEVELOPMENT_TEAM = S6NQ524Y5V;
				ENABLE_BITCODE = NO;
				LIBRARY_SEARCH_PATHS = (
					"$(inherited)",
					"$(PROJECT_DIR)/JSPatch/Extensions/JPLibffi/libffi",
				);
				OTHER_LDFLAGS = "-ObjC";
				PRODUCT_NAME = "$(TARGET_NAME)";
				SKIP_INSTALL = YES;
			};
			name = Release;
		};
/* End XCBuildConfiguration section */

/* Begin XCConfigurationList section */
		1CBD84251EF280C200A3DC61 /* Build configuration list for PBXProject "JSPatch" */ = {
			isa = XCConfigurationList;
			buildConfigurations = (
				1CBD84311EF280C200A3DC61 /* Debug */,
				1CBD84321EF280C200A3DC61 /* Release */,
			);
			defaultConfigurationIsVisible = 0;
			defaultConfigurationName = Release;
		};
		1CBD84331EF280C200A3DC61 /* Build configuration list for PBXNativeTarget "JSPatch" */ = {
			isa = XCConfigurationList;
			buildConfigurations = (
				1CBD84341EF280C200A3DC61 /* Debug */,
				1CBD84351EF280C200A3DC61 /* Release */,
			);
			defaultConfigurationIsVisible = 0;
			defaultConfigurationName = Release;
		};
/* End XCConfigurationList section */
	};
	rootObject = 1CBD84221EF280C200A3DC61 /* Project object */;
}
